// !$*UTF8*$!
{
	archiveVersion = 1;
	classes = {
	};
	objectVersion = 56;
	objects = {

/* Begin PBXBuildFile section */
		31094B032940C5B700C1EF6C /* Question.swift in Sources */ = {isa = PBXBuildFile; fileRef = 31E80BC22940ABBC0051DDCC /* Question.swift */; };
		31094B042940C5BB00C1EF6C /* QuestionType.swift in Sources */ = {isa = PBXBuildFile; fileRef = 316F2376293F745F004C8679 /* QuestionType.swift */; };
		316F2370293F7422004C8679 /* main.swift in Sources */ = {isa = PBXBuildFile; fileRef = 316F236F293F7422004C8679 /* main.swift */; };
		316F2377293F745F004C8679 /* QuestionType.swift in Sources */ = {isa = PBXBuildFile; fileRef = 316F2376293F745F004C8679 /* QuestionType.swift */; };
		316F237F293F7B88004C8679 /* iMultiplyTests.swift in Sources */ = {isa = PBXBuildFile; fileRef = 316F237E293F7B88004C8679 /* iMultiplyTests.swift */; };
		316F2383293F7BB3004C8679 /* main.swift in Sources */ = {isa = PBXBuildFile; fileRef = 316F236F293F7422004C8679 /* main.swift */; };
		31E80BC32940ABBC0051DDCC /* Question.swift in Sources */ = {isa = PBXBuildFile; fileRef = 31E80BC22940ABBC0051DDCC /* Question.swift */; };
/* End PBXBuildFile section */

/* Begin PBXCopyFilesBuildPhase section */
		316F236A293F7422004C8679 /* CopyFiles */ = {
			isa = PBXCopyFilesBuildPhase;
			buildActionMask = 2147483647;
			dstPath = /usr/share/man/man1/;
			dstSubfolderSpec = 0;
			files = (
			);
			runOnlyForDeploymentPostprocessing = 1;
		};
/* End PBXCopyFilesBuildPhase section */

/* Begin PBXFileReference section */
		316F236C293F7422004C8679 /* iMultiply */ = {isa = PBXFileReference; explicitFileType = "compiled.mach-o.executable"; includeInIndex = 0; path = iMultiply; sourceTree = BUILT_PRODUCTS_DIR; };
		316F236F293F7422004C8679 /* main.swift */ = {isa = PBXFileReference; lastKnownFileType = sourcecode.swift; path = main.swift; sourceTree = "<group>"; };
		316F2376293F745F004C8679 /* QuestionType.swift */ = {isa = PBXFileReference; lastKnownFileType = sourcecode.swift; path = QuestionType.swift; sourceTree = "<group>"; };
		316F237C293F7B88004C8679 /* iMultiplyTests.xctest */ = {isa = PBXFileReference; explicitFileType = wrapper.cfbundle; includeInIndex = 0; path = iMultiplyTests.xctest; sourceTree = BUILT_PRODUCTS_DIR; };
		316F237E293F7B88004C8679 /* iMultiplyTests.swift */ = {isa = PBXFileReference; lastKnownFileType = sourcecode.swift; path = iMultiplyTests.swift; sourceTree = "<group>"; };
		31E80BC22940ABBC0051DDCC /* Question.swift */ = {isa = PBXFileReference; lastKnownFileType = sourcecode.swift; path = Question.swift; sourceTree = "<group>"; };
/* End PBXFileReference section */

/* Begin PBXFrameworksBuildPhase section */
		316F2369293F7422004C8679 /* Frameworks */ = {
			isa = PBXFrameworksBuildPhase;
			buildActionMask = 2147483647;
			files = (
			);
			runOnlyForDeploymentPostprocessing = 0;
		};
		316F2379293F7B88004C8679 /* Frameworks */ = {
			isa = PBXFrameworksBuildPhase;
			buildActionMask = 2147483647;
			files = (
			);
			runOnlyForDeploymentPostprocessing = 0;
		};
/* End PBXFrameworksBuildPhase section */

/* Begin PBXGroup section */
		316F2363293F7422004C8679 = {
			isa = PBXGroup;
			children = (
				316F236E293F7422004C8679 /* iMultiply */,
				316F237D293F7B88004C8679 /* iMultiplyTests */,
				316F236D293F7422004C8679 /* Products */,
			);
			sourceTree = "<group>";
		};
		316F236D293F7422004C8679 /* Products */ = {
			isa = PBXGroup;
			children = (
				316F236C293F7422004C8679 /* iMultiply */,
				316F237C293F7B88004C8679 /* iMultiplyTests.xctest */,
			);
			name = Products;
			sourceTree = "<group>";
		};
		316F236E293F7422004C8679 /* iMultiply */ = {
			isa = PBXGroup;
			children = (
				316F236F293F7422004C8679 /* main.swift */,
				31E80BC22940ABBC0051DDCC /* Question.swift */,
				316F2376293F745F004C8679 /* QuestionType.swift */,
			);
			path = iMultiply;
			sourceTree = "<group>";
		};
		316F237D293F7B88004C8679 /* iMultiplyTests */ = {
			isa = PBXGroup;
			children = (
				316F237E293F7B88004C8679 /* iMultiplyTests.swift */,
			);
			path = iMultiplyTests;
			sourceTree = "<group>";
		};
/* End PBXGroup section */

/* Begin PBXNativeTarget section */
		316F236B293F7422004C8679 /* iMultiply */ = {
			isa = PBXNativeTarget;
			buildConfigurationList = 316F2373293F7422004C8679 /* Build configuration list for PBXNativeTarget "iMultiply" */;
			buildPhases = (
				316F2368293F7422004C8679 /* Sources */,
				316F2369293F7422004C8679 /* Frameworks */,
				316F236A293F7422004C8679 /* CopyFiles */,
			);
			buildRules = (
			);
			dependencies = (
			);
			name = iMultiply;
			productName = iMultiply;
			productReference = 316F236C293F7422004C8679 /* iMultiply */;
			productType = "com.apple.product-type.tool";
		};
		316F237B293F7B88004C8679 /* iMultiplyTests */ = {
			isa = PBXNativeTarget;
			buildConfigurationList = 316F2380293F7B88004C8679 /* Build configuration list for PBXNativeTarget "iMultiplyTests" */;
			buildPhases = (
				316F2378293F7B88004C8679 /* Sources */,
				316F2379293F7B88004C8679 /* Frameworks */,
				316F237A293F7B88004C8679 /* Resources */,
			);
			buildRules = (
			);
			dependencies = (
			);
			name = iMultiplyTests;
			productName = iMultiplyTests;
			productReference = 316F237C293F7B88004C8679 /* iMultiplyTests.xctest */;
			productType = "com.apple.product-type.bundle.unit-test";
		};
/* End PBXNativeTarget section */

/* Begin PBXProject section */
		316F2364293F7422004C8679 /* Project object */ = {
			isa = PBXProject;
			attributes = {
				BuildIndependentTargetsInParallel = 1;
				LastSwiftUpdateCheck = 1410;
				LastUpgradeCheck = 1410;
				TargetAttributes = {
					316F236B293F7422004C8679 = {
						CreatedOnToolsVersion = 14.1;
					};
					316F237B293F7B88004C8679 = {
						CreatedOnToolsVersion = 14.1;
					};
				};
			};
			buildConfigurationList = 316F2367293F7422004C8679 /* Build configuration list for PBXProject "iMultiply" */;
			compatibilityVersion = "Xcode 14.0";
			developmentRegion = en;
			hasScannedForEncodings = 0;
			knownRegions = (
				en,
				Base,
			);
			mainGroup = 316F2363293F7422004C8679;
			productRefGroup = 316F236D293F7422004C8679 /* Products */;
			projectDirPath = "";
			projectRoot = "";
			targets = (
				316F236B293F7422004C8679 /* iMultiply */,
				316F237B293F7B88004C8679 /* iMultiplyTests */,
			);
		};
/* End PBXProject section */

/* Begin PBXResourcesBuildPhase section */
		316F237A293F7B88004C8679 /* Resources */ = {
			isa = PBXResourcesBuildPhase;
			buildActionMask = 2147483647;
			files = (
			);
			runOnlyForDeploymentPostprocessing = 0;
		};
/* End PBXResourcesBuildPhase section */

/* Begin PBXSourcesBuildPhase section */
		316F2368293F7422004C8679 /* Sources */ = {
			isa = PBXSourcesBuildPhase;
			buildActionMask = 2147483647;
			files = (
				31E80BC32940ABBC0051DDCC /* Question.swift in Sources */,
				316F2370293F7422004C8679 /* main.swift in Sources */,
				316F2377293F745F004C8679 /* QuestionType.swift in Sources */,
			);
			runOnlyForDeploymentPostprocessing = 0;
		};
		316F2378293F7B88004C8679 /* Sources */ = {
			isa = PBXSourcesBuildPhase;
			buildActionMask = 2147483647;
			files = (
				31094B032940C5B700C1EF6C /* Question.swift in Sources */,
				316F2383293F7BB3004C8679 /* main.swift in Sources */,
				316F237F293F7B88004C8679 /* iMultiplyTests.swift in Sources */,
				31094B042940C5BB00C1EF6C /* QuestionType.swift in Sources */,
			);
			runOnlyForDeploymentPostprocessing = 0;
		};
/* End PBXSourcesBuildPhase section */

/* Begin XCBuildConfiguration section */
		316F2371293F7422004C8679 /* Debug */ = {
			isa = XCBuildConfiguration;
			buildSettings = {
				ALWAYS_SEARCH_USER_PATHS = NO;
				CLANG_ANALYZER_NONNULL = YES;
				CLANG_ANALYZER_NUMBER_OBJECT_CONVERSION = YES_AGGRESSIVE;
				CLANG_CXX_LANGUAGE_STANDARD = "gnu++20";
				CLANG_ENABLE_MODULES = YES;
				CLANG_ENABLE_OBJC_ARC = YES;
				CLANG_ENABLE_OBJC_WEAK = YES;
				CLANG_WARN_BLOCK_CAPTURE_AUTORELEASING = YES;
				CLANG_WARN_BOOL_CONVERSION = YES;
				CLANG_WARN_COMMA = YES;
				CLANG_WARN_CONSTANT_CONVERSION = YES;
				CLANG_WARN_DEPRECATED_OBJC_IMPLEMENTATIONS = YES;
				CLANG_WARN_DIRECT_OBJC_ISA_USAGE = YES_ERROR;
				CLANG_WARN_DOCUMENTATION_COMMENTS = YES;
				CLANG_WARN_EMPTY_BODY = YES;
				CLANG_WARN_ENUM_CONVERSION = YES;
				CLANG_WARN_INFINITE_RECURSION = YES;
				CLANG_WARN_INT_CONVERSION = YES;
				CLANG_WARN_NON_LITERAL_NULL_CONVERSION = YES;
				CLANG_WARN_OBJC_IMPLICIT_RETAIN_SELF = YES;
				CLANG_WARN_OBJC_LITERAL_CONVERSION = YES;
				CLANG_WARN_OBJC_ROOT_CLASS = YES_ERROR;
				CLANG_WARN_QUOTED_INCLUDE_IN_FRAMEWORK_HEADER = YES;
				CLANG_WARN_RANGE_LOOP_ANALYSIS = YES;
				CLANG_WARN_STRICT_PROTOTYPES = YES;
				CLANG_WARN_SUSPICIOUS_MOVE = YES;
				CLANG_WARN_UNGUARDED_AVAILABILITY = YES_AGGRESSIVE;
				CLANG_WARN_UNREACHABLE_CODE = YES;
				CLANG_WARN__DUPLICATE_METHOD_MATCH = YES;
				COPY_PHASE_STRIP = NO;
				DEBUG_INFORMATION_FORMAT = dwarf;
				ENABLE_STRICT_OBJC_MSGSEND = YES;
				ENABLE_TESTABILITY = YES;
				GCC_C_LANGUAGE_STANDARD = gnu11;
				GCC_DYNAMIC_NO_PIC = NO;
				GCC_NO_COMMON_BLOCKS = YES;
				GCC_OPTIMIZATION_LEVEL = 0;
				GCC_PREPROCESSOR_DEFINITIONS = (
					"DEBUG=1",
					"$(inherited)",
				);
				GCC_WARN_64_TO_32_BIT_CONVERSION = YES;
				GCC_WARN_ABOUT_RETURN_TYPE = YES_ERROR;
				GCC_WARN_UNDECLARED_SELECTOR = YES;
				GCC_WARN_UNINITIALIZED_AUTOS = YES_AGGRESSIVE;
				GCC_WARN_UNUSED_FUNCTION = YES;
				GCC_WARN_UNUSED_VARIABLE = YES;
				MACOSX_DEPLOYMENT_TARGET = 13.0;
				MTL_ENABLE_DEBUG_INFO = INCLUDE_SOURCE;
				MTL_FAST_MATH = YES;
				ONLY_ACTIVE_ARCH = YES;
				SDKROOT = macosx;
				SWIFT_ACTIVE_COMPILATION_CONDITIONS = DEBUG;
				SWIFT_OPTIMIZATION_LEVEL = "-Onone";
			};
			name = Debug;
		};
		316F2372293F7422004C8679 /* Release */ = {
			isa = XCBuildConfiguration;
			buildSettings = {
				ALWAYS_SEARCH_USER_PATHS = NO;
				CLANG_ANALYZER_NONNULL = YES;
				CLANG_ANALYZER_NUMBER_OBJECT_CONVERSION = YES_AGGRESSIVE;
				CLANG_CXX_LANGUAGE_STANDARD = "gnu++20";
				CLANG_ENABLE_MODULES = YES;
				CLANG_ENABLE_OBJC_ARC = YES;
				CLANG_ENABLE_OBJC_WEAK = YES;
				CLANG_WARN_BLOCK_CAPTURE_AUTORELEASING = YES;
				CLANG_WARN_BOOL_CONVERSION = YES;
				CLANG_WARN_COMMA = YES;
				CLANG_WARN_CONSTANT_CONVERSION = YES;
				CLANG_WARN_DEPRECATED_OBJC_IMPLEMENTATIONS = YES;
				CLANG_WARN_DIRECT_OBJC_ISA_USAGE = YES_ERROR;
				CLANG_WARN_DOCUMENTATION_COMMENTS = YES;
				CLANG_WARN_EMPTY_BODY = YES;
				CLANG_WARN_ENUM_CONVERSION = YES;
				CLANG_WARN_INFINITE_RECURSION = YES;
				CLANG_WARN_INT_CONVERSION = YES;
				CLANG_WARN_NON_LITERAL_NULL_CONVERSION = YES;
				CLANG_WARN_OBJC_IMPLICIT_RETAIN_SELF = YES;
				CLANG_WARN_OBJC_LITERAL_CONVERSION = YES;
				CLANG_WARN_OBJC_ROOT_CLASS = YES_ERROR;
				CLANG_WARN_QUOTED_INCLUDE_IN_FRAMEWORK_HEADER = YES;
				CLANG_WARN_RANGE_LOOP_ANALYSIS = YES;
				CLANG_WARN_STRICT_PROTOTYPES = YES;
				CLANG_WARN_SUSPICIOUS_MOVE = YES;
				CLANG_WARN_UNGUARDED_AVAILABILITY = YES_AGGRESSIVE;
				CLANG_WARN_UNREACHABLE_CODE = YES;
				CLANG_WARN__DUPLICATE_METHOD_MATCH = YES;
				COPY_PHASE_STRIP = NO;
				DEBUG_INFORMATION_FORMAT = "dwarf-with-dsym";
				ENABLE_NS_ASSERTIONS = NO;
				ENABLE_STRICT_OBJC_MSGSEND = YES;
				GCC_C_LANGUAGE_STANDARD = gnu11;
				GCC_NO_COMMON_BLOCKS = YES;
				GCC_WARN_64_TO_32_BIT_CONVERSION = YES;
				GCC_WARN_ABOUT_RETURN_TYPE = YES_ERROR;
				GCC_WARN_UNDECLARED_SELECTOR = YES;
				GCC_WARN_UNINITIALIZED_AUTOS = YES_AGGRESSIVE;
				GCC_WARN_UNUSED_FUNCTION = YES;
				GCC_WARN_UNUSED_VARIABLE = YES;
				MACOSX_DEPLOYMENT_TARGET = 13.0;
				MTL_ENABLE_DEBUG_INFO = NO;
				MTL_FAST_MATH = YES;
				SDKROOT = macosx;
				SWIFT_COMPILATION_MODE = wholemodule;
				SWIFT_OPTIMIZATION_LEVEL = "-O";
			};
			name = Release;
		};
		316F2374293F7422004C8679 /* Debug */ = {
			isa = XCBuildConfiguration;
			buildSettings = {
				CODE_SIGN_STYLE = Automatic;
				DEVELOPMENT_TEAM = MS234NA77Q;
				ENABLE_HARDENED_RUNTIME = YES;
				PRODUCT_NAME = "$(TARGET_NAME)";
				SWIFT_VERSION = 5.0;
			};
			name = Debug;
		};
		316F2375293F7422004C8679 /* Release */ = {
			isa = XCBuildConfiguration;
			buildSettings = {
				CODE_SIGN_STYLE = Automatic;
				DEVELOPMENT_TEAM = MS234NA77Q;
				ENABLE_HARDENED_RUNTIME = YES;
				PRODUCT_NAME = "$(TARGET_NAME)";
				SWIFT_VERSION = 5.0;
			};
			name = Release;
		};
		316F2381293F7B88004C8679 /* Debug */ = {
			isa = XCBuildConfiguration;
			buildSettings = {
				CODE_SIGN_STYLE = Automatic;
				CURRENT_PROJECT_VERSION = 1;
				DEVELOPMENT_TEAM = MS234NA77Q;
				GENERATE_INFOPLIST_FILE = YES;
				MARKETING_VERSION = 1.0;
				PRODUCT_BUNDLE_IDENTIFIER = com.bartolini.massimiliano.iMultiplyTests;
				PRODUCT_NAME = "$(TARGET_NAME)";
				SWIFT_EMIT_LOC_STRINGS = NO;
				SWIFT_VERSION = 5.0;
			};
			name = Debug;
		};
		316F2382293F7B88004C8679 /* Release */ = {
			isa = XCBuildConfiguration;
			buildSettings = {
				CODE_SIGN_STYLE = Automatic;
				CURRENT_PROJECT_VERSION = 1;
				DEVELOPMENT_TEAM = MS234NA77Q;
				GENERATE_INFOPLIST_FILE = YES;
				MARKETING_VERSION = 1.0;
				PRODUCT_BUNDLE_IDENTIFIER = com.bartolini.massimiliano.iMultiplyTests;
				PRODUCT_NAME = "$(TARGET_NAME)";
				SWIFT_EMIT_LOC_STRINGS = NO;
				SWIFT_VERSION = 5.0;
			};
			name = Release;
		};
/* End XCBuildConfiguration section */

/* Begin XCConfigurationList section */
		316F2367293F7422004C8679 /* Build configuration list for PBXProject "iMultiply" */ = {
			isa = XCConfigurationList;
			buildConfigurations = (
				316F2371293F7422004C8679 /* Debug */,
				316F2372293F7422004C8679 /* Release */,
			);
			defaultConfigurationIsVisible = 0;
			defaultConfigurationName = Release;
		};
		316F2373293F7422004C8679 /* Build configuration list for PBXNativeTarget "iMultiply" */ = {
			isa = XCConfigurationList;
			buildConfigurations = (
				316F2374293F7422004C8679 /* Debug */,
				316F2375293F7422004C8679 /* Release */,
			);
			defaultConfigurationIsVisible = 0;
			defaultConfigurationName = Release;
		};
		316F2380293F7B88004C8679 /* Build configuration list for PBXNativeTarget "iMultiplyTests" */ = {
			isa = XCConfigurationList;
			buildConfigurations = (
				316F2381293F7B88004C8679 /* Debug */,
				316F2382293F7B88004C8679 /* Release */,
			);
			defaultConfigurationIsVisible = 0;
			defaultConfigurationName = Release;
		};
/* End XCConfigurationList section */
	};
	rootObject = 316F2364293F7422004C8679 /* Project object */;
}
